
Microsoft Visual Studio Solution File, Format Version 12.00
# Visual Studio Version 17
VisualStudioVersion = 17.0.31903.59
MinimumVisualStudioVersion = 10.0.40219.1
Project("{FAE04EC0-301F-11D3-BF4B-00C04F79EFBC}") = "SenpaiMarket.DataAccess", "SenpaiMarket.DataAccess\SenpaiMarket.DataAccess.csproj", "{51FE1B74-9E52-4F3B-8C1D-C78462AC5C16}"
EndProject
Global
	GlobalSection(SolutionConfigurationPlatforms) = preSolution
		Debug|Any CPU = Debug|Any CPU
		Release|Any CPU = Release|Any CPU
	EndGlobalSection
	GlobalSection(ProjectConfigurationPlatforms) = postSolution
		{51FE1B74-9E52-4F3B-8C1D-C78462AC5C16}.Debug|Any CPU.ActiveCfg = Debug|Any CPU
		{51FE1B74-9E52-4F3B-8C1D-C78462AC5C16}.Debug|Any CPU.Build.0 = Debug|Any CPU
		{51FE1B74-9E52-4F3B-8C1D-C78462AC5C16}.Release|Any CPU.ActiveCfg = Release|Any CPU
		{51FE1B74-9E52-4F3B-8C1D-C78462AC5C16}.Release|Any CPU.Build.0 = Release|Any CPU
	EndGlobalSection
	GlobalSection(SolutionProperties) = preSolution
		HideSolutionNode = FALSE
	EndGlobalSection
	GlobalSection(ExtensibilityGlobals) = postSolution
		SolutionGuid = {0C79ACAC-272E-4461-AE8E-BD3F4111A63E}
	EndGlobalSection
EndGlobal
