
Microsoft Visual Studio Solution File, Format Version 12.00
# Visual Studio Version 17
VisualStudioVersion = 17.0.31903.59
MinimumVisualStudioVersion = 10.0.40219.1
Project("{9A19103F-16F7-4668-BE54-9A1E7A4F7556}") = "KartowkaMarkowkaHub.Web", "KartowkaMarkowkaHub.Web\KartowkaMarkowkaHub.Web.csproj", "{0B97868F-95FB-45A7-AC74-A2E503D54D06}"
EndProject
Project("{9A19103F-16F7-4668-BE54-9A1E7A4F7556}") = "KartowkaMarkowkaHub.Core", "KartowkaMarkowkaHub.Core\KartowkaMarkowkaHub.Core.csproj", "{A70B1722-2410-4838-A294-976F49D4A3B4}"
EndProject
Project("{9A19103F-16F7-4668-BE54-9A1E7A4F7556}") = "KartowkaMarkowkaHub.Services", "KartowkaMarkowkaHub.Services\KartowkaMarkowkaHub.Services.csproj", "{C8DFEA68-1681-4CF5-8183-6CDE135FA95F}"
EndProject
Project("{2150E333-8FDC-42A3-9474-1A3956D46DE8}") = "Libraries", "Libraries", "{CAE6E06C-437E-4601-92A6-6A3990041B9F}"
EndProject
Project("{2150E333-8FDC-42A3-9474-1A3956D46DE8}") = "Presentation", "Presentation", "{8E919545-663F-41FB-AB9B-CAF6A4431EBC}"
EndProject
Project("{2150E333-8FDC-42A3-9474-1A3956D46DE8}") = "Tests", "Tests", "{2052D02C-7ED5-48C0-A6F4-13EAB52ADCBB}"
EndProject
Project("{9A19103F-16F7-4668-BE54-9A1E7A4F7556}") = "KartowkaMarkowkaHub.Data", "KartowkaMarkowkaHub.Data\KartowkaMarkowkaHub.Data.csproj", "{CBD6CD0F-FB18-4D9C-BC29-83B3FA4EC4D7}"
EndProject
Project("{9A19103F-16F7-4668-BE54-9A1E7A4F7556}") = "KartowkaMarkowkaHub.Services.Identity", "KartowkaMarkowkaHub.Services.Identity\KartowkaMarkowkaHub.Services.Identity.csproj", "{91952A97-30B1-479A-B030-1422FFD00C39}"
EndProject
Project("{E53339B2-1760-4266-BCC7-CA923CBCF16C}") = "docker-compose", "docker-compose.dcproj", "{7AC97A3D-D2C4-45E6-B7B8-9080D2031FED}"
EndProject
Project("{9A19103F-16F7-4668-BE54-9A1E7A4F7556}") = "KartowkaMarkowkaHub.Application", "KartowkaMarkowkaHub.Application\KartowkaMarkowkaHub.Application.csproj", "{57DAEBC7-D028-4B32-B58A-D20492A10DFB}"
EndProject
Project("{9A19103F-16F7-4668-BE54-9A1E7A4F7556}") = "KartowkaMarkowkaHub.Test", "KartowkaMarkowkaHub.Test\KartowkaMarkowkaHub.Test.csproj", "{BFC116BA-C979-4DD0-A580-1713719A3BCB}"
EndProject
Global
	GlobalSection(SolutionConfigurationPlatforms) = preSolution
		Debug|Any CPU = Debug|Any CPU
		Release|Any CPU = Release|Any CPU
	EndGlobalSection
	GlobalSection(ProjectConfigurationPlatforms) = postSolution
		{0B97868F-95FB-45A7-AC74-A2E503D54D06}.Debug|Any CPU.ActiveCfg = Debug|Any CPU
		{0B97868F-95FB-45A7-AC74-A2E503D54D06}.Debug|Any CPU.Build.0 = Debug|Any CPU
		{0B97868F-95FB-45A7-AC74-A2E503D54D06}.Release|Any CPU.ActiveCfg = Release|Any CPU
		{0B97868F-95FB-45A7-AC74-A2E503D54D06}.Release|Any CPU.Build.0 = Release|Any CPU
		{A70B1722-2410-4838-A294-976F49D4A3B4}.Debug|Any CPU.ActiveCfg = Debug|Any CPU
		{A70B1722-2410-4838-A294-976F49D4A3B4}.Debug|Any CPU.Build.0 = Debug|Any CPU
		{A70B1722-2410-4838-A294-976F49D4A3B4}.Release|Any CPU.ActiveCfg = Release|Any CPU
		{A70B1722-2410-4838-A294-976F49D4A3B4}.Release|Any CPU.Build.0 = Release|Any CPU
		{C8DFEA68-1681-4CF5-8183-6CDE135FA95F}.Debug|Any CPU.ActiveCfg = Debug|Any CPU
		{C8DFEA68-1681-4CF5-8183-6CDE135FA95F}.Debug|Any CPU.Build.0 = Debug|Any CPU
		{C8DFEA68-1681-4CF5-8183-6CDE135FA95F}.Release|Any CPU.ActiveCfg = Release|Any CPU
		{C8DFEA68-1681-4CF5-8183-6CDE135FA95F}.Release|Any CPU.Build.0 = Release|Any CPU
		{CBD6CD0F-FB18-4D9C-BC29-83B3FA4EC4D7}.Debug|Any CPU.ActiveCfg = Debug|Any CPU
		{CBD6CD0F-FB18-4D9C-BC29-83B3FA4EC4D7}.Debug|Any CPU.Build.0 = Debug|Any CPU
		{CBD6CD0F-FB18-4D9C-BC29-83B3FA4EC4D7}.Release|Any CPU.ActiveCfg = Release|Any CPU
		{CBD6CD0F-FB18-4D9C-BC29-83B3FA4EC4D7}.Release|Any CPU.Build.0 = Release|Any CPU
		{91952A97-30B1-479A-B030-1422FFD00C39}.Debug|Any CPU.ActiveCfg = Debug|Any CPU
		{91952A97-30B1-479A-B030-1422FFD00C39}.Debug|Any CPU.Build.0 = Debug|Any CPU
		{91952A97-30B1-479A-B030-1422FFD00C39}.Release|Any CPU.ActiveCfg = Release|Any CPU
		{91952A97-30B1-479A-B030-1422FFD00C39}.Release|Any CPU.Build.0 = Release|Any CPU
		{7AC97A3D-D2C4-45E6-B7B8-9080D2031FED}.Debug|Any CPU.ActiveCfg = Debug|Any CPU
		{7AC97A3D-D2C4-45E6-B7B8-9080D2031FED}.Debug|Any CPU.Build.0 = Debug|Any CPU
		{7AC97A3D-D2C4-45E6-B7B8-9080D2031FED}.Release|Any CPU.ActiveCfg = Release|Any CPU
		{7AC97A3D-D2C4-45E6-B7B8-9080D2031FED}.Release|Any CPU.Build.0 = Release|Any CPU
		{57DAEBC7-D028-4B32-B58A-D20492A10DFB}.Debug|Any CPU.ActiveCfg = Debug|Any CPU
		{57DAEBC7-D028-4B32-B58A-D20492A10DFB}.Debug|Any CPU.Build.0 = Debug|Any CPU
		{57DAEBC7-D028-4B32-B58A-D20492A10DFB}.Release|Any CPU.ActiveCfg = Release|Any CPU
		{57DAEBC7-D028-4B32-B58A-D20492A10DFB}.Release|Any CPU.Build.0 = Release|Any CPU
		{BFC116BA-C979-4DD0-A580-1713719A3BCB}.Debug|Any CPU.ActiveCfg = Debug|Any CPU
		{BFC116BA-C979-4DD0-A580-1713719A3BCB}.Debug|Any CPU.Build.0 = Debug|Any CPU
		{BFC116BA-C979-4DD0-A580-1713719A3BCB}.Release|Any CPU.ActiveCfg = Release|Any CPU
		{BFC116BA-C979-4DD0-A580-1713719A3BCB}.Release|Any CPU.Build.0 = Release|Any CPU
	EndGlobalSection
	GlobalSection(SolutionProperties) = preSolution
		HideSolutionNode = FALSE
	EndGlobalSection
	GlobalSection(NestedProjects) = preSolution
		{0B97868F-95FB-45A7-AC74-A2E503D54D06} = {8E919545-663F-41FB-AB9B-CAF6A4431EBC}
		{A70B1722-2410-4838-A294-976F49D4A3B4} = {CAE6E06C-437E-4601-92A6-6A3990041B9F}
		{C8DFEA68-1681-4CF5-8183-6CDE135FA95F} = {CAE6E06C-437E-4601-92A6-6A3990041B9F}
		{CBD6CD0F-FB18-4D9C-BC29-83B3FA4EC4D7} = {CAE6E06C-437E-4601-92A6-6A3990041B9F}
		{91952A97-30B1-479A-B030-1422FFD00C39} = {CAE6E06C-437E-4601-92A6-6A3990041B9F}
		{7AC97A3D-D2C4-45E6-B7B8-9080D2031FED} = {8E919545-663F-41FB-AB9B-CAF6A4431EBC}
		{57DAEBC7-D028-4B32-B58A-D20492A10DFB} = {CAE6E06C-437E-4601-92A6-6A3990041B9F}
		{BFC116BA-C979-4DD0-A580-1713719A3BCB} = {8E919545-663F-41FB-AB9B-CAF6A4431EBC}
	EndGlobalSection
	GlobalSection(ExtensibilityGlobals) = postSolution
		SolutionGuid = {0C79ACAC-272E-4461-AE8E-BD3F4111A63E}
	EndGlobalSection
EndGlobal
